
Microsoft Visual Studio Solution File, Format Version 12.00
# Visual Studio Version 17
VisualStudioVersion = 17.11.35222.181
MinimumVisualStudioVersion = 10.0.40219.1
Project("{9A19103F-16F7-4668-BE54-9A1E7A4F7556}") = "HelpPlatform", "HelpPlatform\HelpPlatform.csproj", "{FD6CCB73-F936-4FCD-B685-C150D26624D3}"
EndProject
Global
	GlobalSection(SolutionConfigurationPlatforms) = preSolution
		Debug|Any CPU = Debug|Any CPU
		Release|Any CPU = Release|Any CPU
	EndGlobalSection
	GlobalSection(ProjectConfigurationPlatforms) = postSolution
		{FD6CCB73-F936-4FCD-B685-C150D26624D3}.Debug|Any CPU.ActiveCfg = Debug|Any CPU
		{FD6CCB73-F936-4FCD-B685-C150D26624D3}.Debug|Any CPU.Build.0 = Debug|Any CPU
		{FD6CCB73-F936-4FCD-B685-C150D26624D3}.Release|Any CPU.ActiveCfg = Release|Any CPU
		{FD6CCB73-F936-4FCD-B685-C150D26624D3}.Release|Any CPU.Build.0 = Release|Any CPU
	EndGlobalSection
	GlobalSection(SolutionProperties) = preSolution
		HideSolutionNode = FALSE
	EndGlobalSection
	GlobalSection(ExtensibilityGlobals) = postSolution
		SolutionGuid = {BE261566-33A6-488E-965D-417132951BC2}
	EndGlobalSection
EndGlobal
